
Microsoft Visual Studio Solution File, Format Version 12.00
# Visual Studio Version 17
VisualStudioVersion = 17.4.33213.308
MinimumVisualStudioVersion = 10.0.40219.1
Project("{9A19103F-16F7-4668-BE54-9A1E7A4F7556}") = "MoviesAPI", "MoviesAPI.csproj", "{248984B7-E1A0-4D89-B257-BBAADFFF5624}"
EndProject
Project("{9A19103F-16F7-4668-BE54-9A1E7A4F7556}") = "MoviesAPI.Tests", "..\MoviesAPI.Tests\MoviesAPI.Tests.csproj", "{857A9B93-13D9-4316-BCF4-1BA374A694A7}"
EndProject
Global
	GlobalSection(SolutionConfigurationPlatforms) = preSolution
		Debug|Any CPU = Debug|Any CPU
		Release|Any CPU = Release|Any CPU
	EndGlobalSection
	GlobalSection(ProjectConfigurationPlatforms) = postSolution
		{248984B7-E1A0-4D89-B257-BBAADFFF5624}.Debug|Any CPU.ActiveCfg = Debug|Any CPU
		{248984B7-E1A0-4D89-B257-BBAADFFF5624}.Debug|Any CPU.Build.0 = Debug|Any CPU
		{248984B7-E1A0-4D89-B257-BBAADFFF5624}.Release|Any CPU.ActiveCfg = Release|Any CPU
		{248984B7-E1A0-4D89-B257-BBAADFFF5624}.Release|Any CPU.Build.0 = Release|Any CPU
		{857A9B93-13D9-4316-BCF4-1BA374A694A7}.Debug|Any CPU.ActiveCfg = Debug|Any CPU
		{857A9B93-13D9-4316-BCF4-1BA374A694A7}.Debug|Any CPU.Build.0 = Debug|Any CPU
		{857A9B93-13D9-4316-BCF4-1BA374A694A7}.Release|Any CPU.ActiveCfg = Release|Any CPU
		{857A9B93-13D9-4316-BCF4-1BA374A694A7}.Release|Any CPU.Build.0 = Release|Any CPU
	EndGlobalSection
	GlobalSection(SolutionProperties) = preSolution
		HideSolutionNode = FALSE
	EndGlobalSection
	GlobalSection(ExtensibilityGlobals) = postSolution
		SolutionGuid = {20812E83-BFBB-4D54-9F37-25709EFDC03C}
	EndGlobalSection
EndGlobal
